gopkg.in/guregu/null.v4 v4.0.0 h1:1Wm3S1WEA2I26Kq+6vcW+w0gcDo44YKYD7YIEJNHDjg=
gopkg.in/guregu/null.v4 v4.0.0/go.mod h1:YoQhUrADuG3i9WqesrCmpNRwm1ypAgSHYqoOcTu/JrI=
vimagination.zapto.org/json2xml v1.0.0 h1:U2zqwOMgwqc8v6FdiFpo4NojAIXYNFTotAmjZRPFsuc=
vimagination.zapto.org/json2xml v1.0.0/go.mod h1:rn2YVsZRUYHZlKeOPAf6lioIjIkkabB9GQtD+pP34V0=
